
Microsoft Visual Studio Solution File, Format Version 12.00
# Visual Studio 2013
VisualStudioVersion = 12.0.31101.0
MinimumVisualStudioVersion = 10.0.40219.1
Project("{FAE04EC0-301F-11D3-BF4B-00C04F79EFBC}") = "zadanie1", "zadanie1\zadanie1.csproj", "{889BA519-52C2-4AE9-8D14-48E6B54FB9D6}"
EndProject
Project("{FAE04EC0-301F-11D3-BF4B-00C04F79EFBC}") = "zadanie_2", "zadanie_2\zadanie_2.csproj", "{20435755-AB72-4D8B-8449-75E43D2D4C23}"
EndProject
Global
	GlobalSection(SolutionConfigurationPlatforms) = preSolution
		Debug|Any CPU = Debug|Any CPU
		Release|Any CPU = Release|Any CPU
	EndGlobalSection
	GlobalSection(ProjectConfigurationPlatforms) = postSolution
		{889BA519-52C2-4AE9-8D14-48E6B54FB9D6}.Debug|Any CPU.ActiveCfg = Debug|Any CPU
		{889BA519-52C2-4AE9-8D14-48E6B54FB9D6}.Debug|Any CPU.Build.0 = Debug|Any CPU
		{889BA519-52C2-4AE9-8D14-48E6B54FB9D6}.Release|Any CPU.ActiveCfg = Release|Any CPU
		{889BA519-52C2-4AE9-8D14-48E6B54FB9D6}.Release|Any CPU.Build.0 = Release|Any CPU
		{20435755-AB72-4D8B-8449-75E43D2D4C23}.Debug|Any CPU.ActiveCfg = Debug|Any CPU
		{20435755-AB72-4D8B-8449-75E43D2D4C23}.Debug|Any CPU.Build.0 = Debug|Any CPU
		{20435755-AB72-4D8B-8449-75E43D2D4C23}.Release|Any CPU.ActiveCfg = Release|Any CPU
		{20435755-AB72-4D8B-8449-75E43D2D4C23}.Release|Any CPU.Build.0 = Release|Any CPU
	EndGlobalSection
	GlobalSection(SolutionProperties) = preSolution
		HideSolutionNode = FALSE
	EndGlobalSection
EndGlobal
